
Microsoft Visual Studio Solution File, Format Version 12.00
# Visual Studio Version 17
VisualStudioVersion = 17.4.33122.133
MinimumVisualStudioVersion = 10.0.40219.1
Project("{9A19103F-16F7-4668-BE54-9A1E7A4F7556}") = "Mindbox lib", "Mindbox lib\Mindbox lib.csproj", "{78A9E996-84D7-4C10-BF9E-A9914AE87017}"
EndProject
Project("{FAE04EC0-301F-11D3-BF4B-00C04F79EFBC}") = "ShapeTests", "ShapeTests\ShapeTests.csproj", "{0B6D87A9-FCCA-491F-BFDA-2AEDD3D2D534}"
EndProject
Global
	GlobalSection(SolutionConfigurationPlatforms) = preSolution
		Debug|Any CPU = Debug|Any CPU
		Release|Any CPU = Release|Any CPU
	EndGlobalSection
	GlobalSection(ProjectConfigurationPlatforms) = postSolution
		{78A9E996-84D7-4C10-BF9E-A9914AE87017}.Debug|Any CPU.ActiveCfg = Debug|Any CPU
		{78A9E996-84D7-4C10-BF9E-A9914AE87017}.Debug|Any CPU.Build.0 = Debug|Any CPU
		{78A9E996-84D7-4C10-BF9E-A9914AE87017}.Release|Any CPU.ActiveCfg = Release|Any CPU
		{78A9E996-84D7-4C10-BF9E-A9914AE87017}.Release|Any CPU.Build.0 = Release|Any CPU
		{0B6D87A9-FCCA-491F-BFDA-2AEDD3D2D534}.Debug|Any CPU.ActiveCfg = Debug|Any CPU
		{0B6D87A9-FCCA-491F-BFDA-2AEDD3D2D534}.Debug|Any CPU.Build.0 = Debug|Any CPU
		{0B6D87A9-FCCA-491F-BFDA-2AEDD3D2D534}.Release|Any CPU.ActiveCfg = Release|Any CPU
		{0B6D87A9-FCCA-491F-BFDA-2AEDD3D2D534}.Release|Any CPU.Build.0 = Release|Any CPU
	EndGlobalSection
	GlobalSection(SolutionProperties) = preSolution
		HideSolutionNode = FALSE
	EndGlobalSection
	GlobalSection(ExtensibilityGlobals) = postSolution
		SolutionGuid = {919D066B-B97E-4ACA-9C8F-AD2AE5517E16}
	EndGlobalSection
EndGlobal
